// !$*UTF8*$!
{
	archiveVersion = 1;
	classes = {
	};
	objectVersion = 55;
	objects = {

/* Begin PBXBuildFile section */
		2D0A26322804A05F00F18C77 /* AppDelegate.swift in Sources */ = {isa = PBXBuildFile; fileRef = 2D0A26312804A05F00F18C77 /* AppDelegate.swift */; };
		2D0A26342804A05F00F18C77 /* SceneDelegate.swift in Sources */ = {isa = PBXBuildFile; fileRef = 2D0A26332804A05F00F18C77 /* SceneDelegate.swift */; };
		2D0A26362804A05F00F18C77 /* ViewController.swift in Sources */ = {isa = PBXBuildFile; fileRef = 2D0A26352804A05F00F18C77 /* ViewController.swift */; };
		2D0A263B2804A06000F18C77 /* Assets.xcassets in Resources */ = {isa = PBXBuildFile; fileRef = 2D0A263A2804A06000F18C77 /* Assets.xcassets */; };
		2D0A263E2804A06000F18C77 /* LaunchScreen.storyboard in Resources */ = {isa = PBXBuildFile; fileRef = 2D0A263C2804A06000F18C77 /* LaunchScreen.storyboard */; };
		2D0A26492804A06000F18C77 /* pokemonTests.swift in Sources */ = {isa = PBXBuildFile; fileRef = 2D0A26482804A06000F18C77 /* pokemonTests.swift */; };
		2D0A26532804A06000F18C77 /* pokemonUITests.swift in Sources */ = {isa = PBXBuildFile; fileRef = 2D0A26522804A06000F18C77 /* pokemonUITests.swift */; };
		2D0A26552804A06000F18C77 /* pokemonUITestsLaunchTests.swift in Sources */ = {isa = PBXBuildFile; fileRef = 2D0A26542804A06000F18C77 /* pokemonUITestsLaunchTests.swift */; };
/* End PBXBuildFile section */

/* Begin PBXContainerItemProxy section */
		2D0A26452804A06000F18C77 /* PBXContainerItemProxy */ = {
			isa = PBXContainerItemProxy;
			containerPortal = 2D0A26262804A05F00F18C77 /* Project object */;
			proxyType = 1;
			remoteGlobalIDString = 2D0A262D2804A05F00F18C77;
			remoteInfo = pokemon;
		};
		2D0A264F2804A06000F18C77 /* PBXContainerItemProxy */ = {
			isa = PBXContainerItemProxy;
			containerPortal = 2D0A26262804A05F00F18C77 /* Project object */;
			proxyType = 1;
			remoteGlobalIDString = 2D0A262D2804A05F00F18C77;
			remoteInfo = pokemon;
		};
/* End PBXContainerItemProxy section */

/* Begin PBXFileReference section */
		2D0A262E2804A05F00F18C77 /* pokemon.app */ = {isa = PBXFileReference; explicitFileType = wrapper.application; includeInIndex = 0; path = pokemon.app; sourceTree = BUILT_PRODUCTS_DIR; };
		2D0A26312804A05F00F18C77 /* AppDelegate.swift */ = {isa = PBXFileReference; lastKnownFileType = sourcecode.swift; path = AppDelegate.swift; sourceTree = "<group>"; };
		2D0A26332804A05F00F18C77 /* SceneDelegate.swift */ = {isa = PBXFileReference; lastKnownFileType = sourcecode.swift; path = SceneDelegate.swift; sourceTree = "<group>"; };
		2D0A26352804A05F00F18C77 /* ViewController.swift */ = {isa = PBXFileReference; lastKnownFileType = sourcecode.swift; path = ViewController.swift; sourceTree = "<group>"; };
		2D0A263A2804A06000F18C77 /* Assets.xcassets */ = {isa = PBXFileReference; lastKnownFileType = folder.assetcatalog; path = Assets.xcassets; sourceTree = "<group>"; };
		2D0A263D2804A06000F18C77 /* Base */ = {isa = PBXFileReference; lastKnownFileType = file.storyboard; name = Base; path = Base.lproj/LaunchScreen.storyboard; sourceTree = "<group>"; };
		2D0A263F2804A06000F18C77 /* Info.plist */ = {isa = PBXFileReference; lastKnownFileType = text.plist.xml; path = Info.plist; sourceTree = "<group>"; };
		2D0A26442804A06000F18C77 /* pokemonTests.xctest */ = {isa = PBXFileReference; explicitFileType = wrapper.cfbundle; includeInIndex = 0; path = pokemonTests.xctest; sourceTree = BUILT_PRODUCTS_DIR; };
		2D0A26482804A06000F18C77 /* pokemonTests.swift */ = {isa = PBXFileReference; lastKnownFileType = sourcecode.swift; path = pokemonTests.swift; sourceTree = "<group>"; };
		2D0A264E2804A06000F18C77 /* pokemonUITests.xctest */ = {isa = PBXFileReference; explicitFileType = wrapper.cfbundle; includeInIndex = 0; path = pokemonUITests.xctest; sourceTree = BUILT_PRODUCTS_DIR; };
		2D0A26522804A06000F18C77 /* pokemonUITests.swift */ = {isa = PBXFileReference; lastKnownFileType = sourcecode.swift; path = pokemonUITests.swift; sourceTree = "<group>"; };
		2D0A26542804A06000F18C77 /* pokemonUITestsLaunchTests.swift */ = {isa = PBXFileReference; lastKnownFileType = sourcecode.swift; path = pokemonUITestsLaunchTests.swift; sourceTree = "<group>"; };
/* End PBXFileReference section */

/* Begin PBXFrameworksBuildPhase section */
		2D0A262B2804A05F00F18C77 /* Frameworks */ = {
			isa = PBXFrameworksBuildPhase;
			buildActionMask = 2147483647;
			files = (
			);
			runOnlyForDeploymentPostprocessing = 0;
		};
		2D0A26412804A06000F18C77 /* Frameworks */ = {
			isa = PBXFrameworksBuildPhase;
			buildActionMask = 2147483647;
			files = (
			);
			runOnlyForDeploymentPostprocessing = 0;
		};
		2D0A264B2804A06000F18C77 /* Frameworks */ = {
			isa = PBXFrameworksBuildPhase;
			buildActionMask = 2147483647;
			files = (
			);
			runOnlyForDeploymentPostprocessing = 0;
		};
/* End PBXFrameworksBuildPhase section */

/* Begin PBXGroup section */
		2D0A26252804A05F00F18C77 = {
			isa = PBXGroup;
			children = (
				2D0A26302804A05F00F18C77 /* pokemon */,
				2D0A26472804A06000F18C77 /* pokemonTests */,
				2D0A26512804A06000F18C77 /* pokemonUITests */,
				2D0A262F2804A05F00F18C77 /* Products */,
			);
			sourceTree = "<group>";
		};
		2D0A262F2804A05F00F18C77 /* Products */ = {
			isa = PBXGroup;
			children = (
				2D0A262E2804A05F00F18C77 /* pokemon.app */,
				2D0A26442804A06000F18C77 /* pokemonTests.xctest */,
				2D0A264E2804A06000F18C77 /* pokemonUITests.xctest */,
			);
			name = Products;
			sourceTree = "<group>";
		};
		2D0A26302804A05F00F18C77 /* pokemon */ = {
			isa = PBXGroup;
			children = (
				2D0A266A2804A66E00F18C77 /* Utilities */,
				2D0A26642804A5D800F18C77 /* AppConfigs */,
				2D0A26652804A60F00F18C77 /* Resources */,
				2D0A26612804A59300F18C77 /* APIServices */,
				2D0A26662804A61B00F18C77 /* Classes */,
				2D0A26312804A05F00F18C77 /* AppDelegate.swift */,
				2D0A26332804A05F00F18C77 /* SceneDelegate.swift */,
			);
			path = pokemon;
			sourceTree = "<group>";
		};
		2D0A26472804A06000F18C77 /* pokemonTests */ = {
			isa = PBXGroup;
			children = (
				2D0A26482804A06000F18C77 /* pokemonTests.swift */,
			);
			path = pokemonTests;
			sourceTree = "<group>";
		};
		2D0A26512804A06000F18C77 /* pokemonUITests */ = {
			isa = PBXGroup;
			children = (
				2D0A26522804A06000F18C77 /* pokemonUITests.swift */,
				2D0A26542804A06000F18C77 /* pokemonUITestsLaunchTests.swift */,
			);
			path = pokemonUITests;
			sourceTree = "<group>";
		};
		2D0A26612804A59300F18C77 /* APIServices */ = {
			isa = PBXGroup;
			children = (
			);
			path = APIServices;
			sourceTree = "<group>";
		};
		2D0A26632804A5B100F18C77 /* Plists */ = {
			isa = PBXGroup;
			children = (
				2D0A263F2804A06000F18C77 /* Info.plist */,
			);
			path = Plists;
			sourceTree = "<group>";
		};
		2D0A26642804A5D800F18C77 /* AppConfigs */ = {
			isa = PBXGroup;
			children = (
				2D0A26632804A5B100F18C77 /* Plists */,
				2D0A263C2804A06000F18C77 /* LaunchScreen.storyboard */,
			);
			path = AppConfigs;
			sourceTree = "<group>";
		};
		2D0A26652804A60F00F18C77 /* Resources */ = {
			isa = PBXGroup;
			children = (
				2D0A263A2804A06000F18C77 /* Assets.xcassets */,
			);
			path = Resources;
			sourceTree = "<group>";
		};
		2D0A26662804A61B00F18C77 /* Classes */ = {
			isa = PBXGroup;
			children = (
				2D0A26352804A05F00F18C77 /* ViewController.swift */,
				2D0A26672804A62300F18C77 /* Models */,
				2D0A26692804A63900F18C77 /* ViewModels */,
				2D0A26682804A62A00F18C77 /* Views */,
			);
			path = Classes;
			sourceTree = "<group>";
		};
		2D0A26672804A62300F18C77 /* Models */ = {
			isa = PBXGroup;
			children = (
			);
			path = Models;
			sourceTree = "<group>";
		};
		2D0A26682804A62A00F18C77 /* Views */ = {
			isa = PBXGroup;
			children = (
			);
			path = Views;
			sourceTree = "<group>";
		};
		2D0A26692804A63900F18C77 /* ViewModels */ = {
			isa = PBXGroup;
			children = (
			);
			path = ViewModels;
			sourceTree = "<group>";
		};
		2D0A266A2804A66E00F18C77 /* Utilities */ = {
			isa = PBXGroup;
			children = (
			);
			path = Utilities;
			sourceTree = "<group>";
		};
/* End PBXGroup section */

/* Begin PBXNativeTarget section */
		2D0A262D2804A05F00F18C77 /* pokemon */ = {
			isa = PBXNativeTarget;
			buildConfigurationList = 2D0A26582804A06000F18C77 /* Build configuration list for PBXNativeTarget "pokemon" */;
			buildPhases = (
				2D0A262A2804A05F00F18C77 /* Sources */,
				2D0A262B2804A05F00F18C77 /* Frameworks */,
				2D0A262C2804A05F00F18C77 /* Resources */,
			);
			buildRules = (
			);
			dependencies = (
			);
			name = pokemon;
			productName = pokemon;
			productReference = 2D0A262E2804A05F00F18C77 /* pokemon.app */;
			productType = "com.apple.product-type.application";
		};
		2D0A26432804A06000F18C77 /* pokemonTests */ = {
			isa = PBXNativeTarget;
			buildConfigurationList = 2D0A265B2804A06000F18C77 /* Build configuration list for PBXNativeTarget "pokemonTests" */;
			buildPhases = (
				2D0A26402804A06000F18C77 /* Sources */,
				2D0A26412804A06000F18C77 /* Frameworks */,
				2D0A26422804A06000F18C77 /* Resources */,
			);
			buildRules = (
			);
			dependencies = (
				2D0A26462804A06000F18C77 /* PBXTargetDependency */,
			);
			name = pokemonTests;
			productName = pokemonTests;
			productReference = 2D0A26442804A06000F18C77 /* pokemonTests.xctest */;
			productType = "com.apple.product-type.bundle.unit-test";
		};
		2D0A264D2804A06000F18C77 /* pokemonUITests */ = {
			isa = PBXNativeTarget;
			buildConfigurationList = 2D0A265E2804A06000F18C77 /* Build configuration list for PBXNativeTarget "pokemonUITests" */;
			buildPhases = (
				2D0A264A2804A06000F18C77 /* Sources */,
				2D0A264B2804A06000F18C77 /* Frameworks */,
				2D0A264C2804A06000F18C77 /* Resources */,
			);
			buildRules = (
			);
			dependencies = (
				2D0A26502804A06000F18C77 /* PBXTargetDependency */,
			);
			name = pokemonUITests;
			productName = pokemonUITests;
			productReference = 2D0A264E2804A06000F18C77 /* pokemonUITests.xctest */;
			productType = "com.apple.product-type.bundle.ui-testing";
		};
/* End PBXNativeTarget section */

/* Begin PBXProject section */
		2D0A26262804A05F00F18C77 /* Project object */ = {
			isa = PBXProject;
			attributes = {
				BuildIndependentTargetsInParallel = 1;
				LastSwiftUpdateCheck = 1320;
				LastUpgradeCheck = 1320;
				TargetAttributes = {
					2D0A262D2804A05F00F18C77 = {
						CreatedOnToolsVersion = 13.2.1;
					};
					2D0A26432804A06000F18C77 = {
						CreatedOnToolsVersion = 13.2.1;
						TestTargetID = 2D0A262D2804A05F00F18C77;
					};
					2D0A264D2804A06000F18C77 = {
						CreatedOnToolsVersion = 13.2.1;
						TestTargetID = 2D0A262D2804A05F00F18C77;
					};
				};
			};
			buildConfigurationList = 2D0A26292804A05F00F18C77 /* Build configuration list for PBXProject "pokemon" */;
			compatibilityVersion = "Xcode 13.0";
			developmentRegion = en;
			hasScannedForEncodings = 0;
			knownRegions = (
				en,
				Base,
			);
			mainGroup = 2D0A26252804A05F00F18C77;
			productRefGroup = 2D0A262F2804A05F00F18C77 /* Products */;
			projectDirPath = "";
			projectRoot = "";
			targets = (
				2D0A262D2804A05F00F18C77 /* pokemon */,
				2D0A26432804A06000F18C77 /* pokemonTests */,
				2D0A264D2804A06000F18C77 /* pokemonUITests */,
			);
		};
/* End PBXProject section */

/* Begin PBXResourcesBuildPhase section */
		2D0A262C2804A05F00F18C77 /* Resources */ = {
			isa = PBXResourcesBuildPhase;
			buildActionMask = 2147483647;
			files = (
				2D0A263E2804A06000F18C77 /* LaunchScreen.storyboard in Resources */,
				2D0A263B2804A06000F18C77 /* Assets.xcassets in Resources */,
			);
			runOnlyForDeploymentPostprocessing = 0;
		};
		2D0A26422804A06000F18C77 /* Resources */ = {
			isa = PBXResourcesBuildPhase;
			buildActionMask = 2147483647;
			files = (
			);
			runOnlyForDeploymentPostprocessing = 0;
		};
		2D0A264C2804A06000F18C77 /* Resources */ = {
			isa = PBXResourcesBuildPhase;
			buildActionMask = 2147483647;
			files = (
			);
			runOnlyForDeploymentPostprocessing = 0;
		};
/* End PBXResourcesBuildPhase section */

/* Begin PBXSourcesBuildPhase section */
		2D0A262A2804A05F00F18C77 /* Sources */ = {
			isa = PBXSourcesBuildPhase;
			buildActionMask = 2147483647;
			files = (
				2D0A26362804A05F00F18C77 /* ViewController.swift in Sources */,
				2D0A26322804A05F00F18C77 /* AppDelegate.swift in Sources */,
				2D0A26342804A05F00F18C77 /* SceneDelegate.swift in Sources */,
			);
			runOnlyForDeploymentPostprocessing = 0;
		};
		2D0A26402804A06000F18C77 /* Sources */ = {
			isa = PBXSourcesBuildPhase;
			buildActionMask = 2147483647;
			files = (
				2D0A26492804A06000F18C77 /* pokemonTests.swift in Sources */,
			);
			runOnlyForDeploymentPostprocessing = 0;
		};
		2D0A264A2804A06000F18C77 /* Sources */ = {
			isa = PBXSourcesBuildPhase;
			buildActionMask = 2147483647;
			files = (
				2D0A26552804A06000F18C77 /* pokemonUITestsLaunchTests.swift in Sources */,
				2D0A26532804A06000F18C77 /* pokemonUITests.swift in Sources */,
			);
			runOnlyForDeploymentPostprocessing = 0;
		};
/* End PBXSourcesBuildPhase section */

/* Begin PBXTargetDependency section */
		2D0A26462804A06000F18C77 /* PBXTargetDependency */ = {
			isa = PBXTargetDependency;
			target = 2D0A262D2804A05F00F18C77 /* pokemon */;
			targetProxy = 2D0A26452804A06000F18C77 /* PBXContainerItemProxy */;
		};
		2D0A26502804A06000F18C77 /* PBXTargetDependency */ = {
			isa = PBXTargetDependency;
			target = 2D0A262D2804A05F00F18C77 /* pokemon */;
			targetProxy = 2D0A264F2804A06000F18C77 /* PBXContainerItemProxy */;
		};
/* End PBXTargetDependency section */

/* Begin PBXVariantGroup section */
		2D0A263C2804A06000F18C77 /* LaunchScreen.storyboard */ = {
			isa = PBXVariantGroup;
			children = (
				2D0A263D2804A06000F18C77 /* Base */,
			);
			name = LaunchScreen.storyboard;
			sourceTree = "<group>";
		};
/* End PBXVariantGroup section */

/* Begin XCBuildConfiguration section */
		2D0A26562804A06000F18C77 /* Debug */ = {
			isa = XCBuildConfiguration;
			buildSettings = {
				ALWAYS_SEARCH_USER_PATHS = NO;
				CLANG_ANALYZER_NONNULL = YES;
				CLANG_ANALYZER_NUMBER_OBJECT_CONVERSION = YES_AGGRESSIVE;
				CLANG_CXX_LANGUAGE_STANDARD = "gnu++17";
				CLANG_CXX_LIBRARY = "libc++";
				CLANG_ENABLE_MODULES = YES;
				CLANG_ENABLE_OBJC_ARC = YES;
				CLANG_ENABLE_OBJC_WEAK = YES;
				CLANG_WARN_BLOCK_CAPTURE_AUTORELEASING = YES;
				CLANG_WARN_BOOL_CONVERSION = YES;
				CLANG_WARN_COMMA = YES;
				CLANG_WARN_CONSTANT_CONVERSION = YES;
				CLANG_WARN_DEPRECATED_OBJC_IMPLEMENTATIONS = YES;
				CLANG_WARN_DIRECT_OBJC_ISA_USAGE = YES_ERROR;
				CLANG_WARN_DOCUMENTATION_COMMENTS = YES;
				CLANG_WARN_EMPTY_BODY = YES;
				CLANG_WARN_ENUM_CONVERSION = YES;
				CLANG_WARN_INFINITE_RECURSION = YES;
				CLANG_WARN_INT_CONVERSION = YES;
				CLANG_WARN_NON_LITERAL_NULL_CONVERSION = YES;
				CLANG_WARN_OBJC_IMPLICIT_RETAIN_SELF = YES;
				CLANG_WARN_OBJC_LITERAL_CONVERSION = YES;
				CLANG_WARN_OBJC_ROOT_CLASS = YES_ERROR;
				CLANG_WARN_QUOTED_INCLUDE_IN_FRAMEWORK_HEADER = YES;
				CLANG_WARN_RANGE_LOOP_ANALYSIS = YES;
				CLANG_WARN_STRICT_PROTOTYPES = YES;
				CLANG_WARN_SUSPICIOUS_MOVE = YES;
				CLANG_WARN_UNGUARDED_AVAILABILITY = YES_AGGRESSIVE;
				CLANG_WARN_UNREACHABLE_CODE = YES;
				CLANG_WARN__DUPLICATE_METHOD_MATCH = YES;
				COPY_PHASE_STRIP = NO;
				DEBUG_INFORMATION_FORMAT = dwarf;
				ENABLE_STRICT_OBJC_MSGSEND = YES;
				ENABLE_TESTABILITY = YES;
				GCC_C_LANGUAGE_STANDARD = gnu11;
				GCC_DYNAMIC_NO_PIC = NO;
				GCC_NO_COMMON_BLOCKS = YES;
				GCC_OPTIMIZATION_LEVEL = 0;
				GCC_PREPROCESSOR_DEFINITIONS = (
					"DEBUG=1",
					"$(inherited)",
				);
				GCC_WARN_64_TO_32_BIT_CONVERSION = YES;
				GCC_WARN_ABOUT_RETURN_TYPE = YES_ERROR;
				GCC_WARN_UNDECLARED_SELECTOR = YES;
				GCC_WARN_UNINITIALIZED_AUTOS = YES_AGGRESSIVE;
				GCC_WARN_UNUSED_FUNCTION = YES;
				GCC_WARN_UNUSED_VARIABLE = YES;
				IPHONEOS_DEPLOYMENT_TARGET = 13.0;
				MTL_ENABLE_DEBUG_INFO = INCLUDE_SOURCE;
				MTL_FAST_MATH = YES;
				ONLY_ACTIVE_ARCH = YES;
				SDKROOT = iphoneos;
				SWIFT_ACTIVE_COMPILATION_CONDITIONS = DEBUG;
				SWIFT_OPTIMIZATION_LEVEL = "-Onone";
			};
			name = Debug;
		};
		2D0A26572804A06000F18C77 /* Release */ = {
			isa = XCBuildConfiguration;
			buildSettings = {
				ALWAYS_SEARCH_USER_PATHS = NO;
				CLANG_ANALYZER_NONNULL = YES;
				CLANG_ANALYZER_NUMBER_OBJECT_CONVERSION = YES_AGGRESSIVE;
				CLANG_CXX_LANGUAGE_STANDARD = "gnu++17";
				CLANG_CXX_LIBRARY = "libc++";
				CLANG_ENABLE_MODULES = YES;
				CLANG_ENABLE_OBJC_ARC = YES;
				CLANG_ENABLE_OBJC_WEAK = YES;
				CLANG_WARN_BLOCK_CAPTURE_AUTORELEASING = YES;
				CLANG_WARN_BOOL_CONVERSION = YES;
				CLANG_WARN_COMMA = YES;
				CLANG_WARN_CONSTANT_CONVERSION = YES;
				CLANG_WARN_DEPRECATED_OBJC_IMPLEMENTATIONS = YES;
				CLANG_WARN_DIRECT_OBJC_ISA_USAGE = YES_ERROR;
				CLANG_WARN_DOCUMENTATION_COMMENTS = YES;
				CLANG_WARN_EMPTY_BODY = YES;
				CLANG_WARN_ENUM_CONVERSION = YES;
				CLANG_WARN_INFINITE_RECURSION = YES;
				CLANG_WARN_INT_CONVERSION = YES;
				CLANG_WARN_NON_LITERAL_NULL_CONVERSION = YES;
				CLANG_WARN_OBJC_IMPLICIT_RETAIN_SELF = YES;
				CLANG_WARN_OBJC_LITERAL_CONVERSION = YES;
				CLANG_WARN_OBJC_ROOT_CLASS = YES_ERROR;
				CLANG_WARN_QUOTED_INCLUDE_IN_FRAMEWORK_HEADER = YES;
				CLANG_WARN_RANGE_LOOP_ANALYSIS = YES;
				CLANG_WARN_STRICT_PROTOTYPES = YES;
				CLANG_WARN_SUSPICIOUS_MOVE = YES;
				CLANG_WARN_UNGUARDED_AVAILABILITY = YES_AGGRESSIVE;
				CLANG_WARN_UNREACHABLE_CODE = YES;
				CLANG_WARN__DUPLICATE_METHOD_MATCH = YES;
				COPY_PHASE_STRIP = NO;
				DEBUG_INFORMATION_FORMAT = "dwarf-with-dsym";
				ENABLE_NS_ASSERTIONS = NO;
				ENABLE_STRICT_OBJC_MSGSEND = YES;
				GCC_C_LANGUAGE_STANDARD = gnu11;
				GCC_NO_COMMON_BLOCKS = YES;
				GCC_WARN_64_TO_32_BIT_CONVERSION = YES;
				GCC_WARN_ABOUT_RETURN_TYPE = YES_ERROR;
				GCC_WARN_UNDECLARED_SELECTOR = YES;
				GCC_WARN_UNINITIALIZED_AUTOS = YES_AGGRESSIVE;
				GCC_WARN_UNUSED_FUNCTION = YES;
				GCC_WARN_UNUSED_VARIABLE = YES;
				IPHONEOS_DEPLOYMENT_TARGET = 13.0;
				MTL_ENABLE_DEBUG_INFO = NO;
				MTL_FAST_MATH = YES;
				SDKROOT = iphoneos;
				SWIFT_COMPILATION_MODE = wholemodule;
				SWIFT_OPTIMIZATION_LEVEL = "-O";
				VALIDATE_PRODUCT = YES;
			};
			name = Release;
		};
		2D0A26592804A06000F18C77 /* Debug */ = {
			isa = XCBuildConfiguration;
			buildSettings = {
				ASSETCATALOG_COMPILER_APPICON_NAME = AppIcon;
				ASSETCATALOG_COMPILER_GLOBAL_ACCENT_COLOR_NAME = AccentColor;
				CODE_SIGN_STYLE = Automatic;
				CURRENT_PROJECT_VERSION = 1;
				GENERATE_INFOPLIST_FILE = YES;
				INFOPLIST_FILE = pokemon/AppConfigs/Plists/Info.plist;
				INFOPLIST_KEY_UIApplicationSupportsIndirectInputEvents = YES;
				INFOPLIST_KEY_UILaunchStoryboardName = LaunchScreen;
				INFOPLIST_KEY_UISupportedInterfaceOrientations_iPad = "UIInterfaceOrientationPortrait UIInterfaceOrientationPortraitUpsideDown UIInterfaceOrientationLandscapeLeft UIInterfaceOrientationLandscapeRight";
				INFOPLIST_KEY_UISupportedInterfaceOrientations_iPhone = "UIInterfaceOrientationPortrait UIInterfaceOrientationLandscapeLeft UIInterfaceOrientationLandscapeRight";
				IPHONEOS_DEPLOYMENT_TARGET = 13.0;
				LD_RUNPATH_SEARCH_PATHS = (
					"$(inherited)",
					"@executable_path/Frameworks",
				);
				MARKETING_VERSION = 1.0;
				PRODUCT_BUNDLE_IDENTIFIER = marcioduarteitsector.pokemon;
				PRODUCT_NAME = "$(TARGET_NAME)";
				SWIFT_EMIT_LOC_STRINGS = YES;
				SWIFT_VERSION = 5.0;
				TARGETED_DEVICE_FAMILY = "1,2";
			};
			name = Debug;
		};
		2D0A265A2804A06000F18C77 /* Release */ = {
			isa = XCBuildConfiguration;
			buildSettings = {
				ASSETCATALOG_COMPILER_APPICON_NAME = AppIcon;
				ASSETCATALOG_COMPILER_GLOBAL_ACCENT_COLOR_NAME = AccentColor;
				CODE_SIGN_STYLE = Automatic;
				CURRENT_PROJECT_VERSION = 1;
				GENERATE_INFOPLIST_FILE = YES;
				INFOPLIST_FILE = pokemon/AppConfigs/Plists/Info.plist;
				INFOPLIST_KEY_UIApplicationSupportsIndirectInputEvents = YES;
				INFOPLIST_KEY_UILaunchStoryboardName = LaunchScreen;
				INFOPLIST_KEY_UISupportedInterfaceOrientations_iPad = "UIInterfaceOrientationPortrait UIInterfaceOrientationPortraitUpsideDown UIInterfaceOrientationLandscapeLeft UIInterfaceOrientationLandscapeRight";
				INFOPLIST_KEY_UISupportedInterfaceOrientations_iPhone = "UIInterfaceOrientationPortrait UIInterfaceOrientationLandscapeLeft UIInterfaceOrientationLandscapeRight";
				IPHONEOS_DEPLOYMENT_TARGET = 13.0;
				LD_RUNPATH_SEARCH_PATHS = (
					"$(inherited)",
					"@executable_path/Frameworks",
				);
				MARKETING_VERSION = 1.0;
				PRODUCT_BUNDLE_IDENTIFIER = marcioduarteitsector.pokemon;
				PRODUCT_NAME = "$(TARGET_NAME)";
				SWIFT_EMIT_LOC_STRINGS = YES;
				SWIFT_VERSION = 5.0;
				TARGETED_DEVICE_FAMILY = "1,2";
			};
			name = Release;
		};
		2D0A265C2804A06000F18C77 /* Debug */ = {
			isa = XCBuildConfiguration;
			buildSettings = {
				ALWAYS_EMBED_SWIFT_STANDARD_LIBRARIES = YES;
				BUNDLE_LOADER = "$(TEST_HOST)";
				CODE_SIGN_STYLE = Automatic;
				CURRENT_PROJECT_VERSION = 1;
				GENERATE_INFOPLIST_FILE = YES;
				IPHONEOS_DEPLOYMENT_TARGET = 15.2;
				MARKETING_VERSION = 1.0;
				PRODUCT_BUNDLE_IDENTIFIER = "marcioduarte-itsector.pokemonTests";
				PRODUCT_NAME = "$(TARGET_NAME)";
				SWIFT_EMIT_LOC_STRINGS = NO;
				SWIFT_VERSION = 5.0;
				TARGETED_DEVICE_FAMILY = "1,2";
				TEST_HOST = "$(BUILT_PRODUCTS_DIR)/pokemon.app/pokemon";
			};
			name = Debug;
		};
		2D0A265D2804A06000F18C77 /* Release */ = {
			isa = XCBuildConfiguration;
			buildSettings = {
				ALWAYS_EMBED_SWIFT_STANDARD_LIBRARIES = YES;
				BUNDLE_LOADER = "$(TEST_HOST)";
				CODE_SIGN_STYLE = Automatic;
				CURRENT_PROJECT_VERSION = 1;
				GENERATE_INFOPLIST_FILE = YES;
				IPHONEOS_DEPLOYMENT_TARGET = 15.2;
				MARKETING_VERSION = 1.0;
				PRODUCT_BUNDLE_IDENTIFIER = "marcioduarte-itsector.pokemonTests";
				PRODUCT_NAME = "$(TARGET_NAME)";
				SWIFT_EMIT_LOC_STRINGS = NO;
				SWIFT_VERSION = 5.0;
				TARGETED_DEVICE_FAMILY = "1,2";
				TEST_HOST = "$(BUILT_PRODUCTS_DIR)/pokemon.app/pokemon";
			};
			name = Release;
		};
		2D0A265F2804A06000F18C77 /* Debug */ = {
			isa = XCBuildConfiguration;
			buildSettings = {
				ALWAYS_EMBED_SWIFT_STANDARD_LIBRARIES = YES;
				CODE_SIGN_STYLE = Automatic;
				CURRENT_PROJECT_VERSION = 1;
				GENERATE_INFOPLIST_FILE = YES;
				MARKETING_VERSION = 1.0;
				PRODUCT_BUNDLE_IDENTIFIER = "marcioduarte-itsector.pokemonUITests";
				PRODUCT_NAME = "$(TARGET_NAME)";
				SWIFT_EMIT_LOC_STRINGS = NO;
				SWIFT_VERSION = 5.0;
				TARGETED_DEVICE_FAMILY = "1,2";
				TEST_TARGET_NAME = pokemon;
			};
			name = Debug;
		};
		2D0A26602804A06000F18C77 /* Release */ = {
			isa = XCBuildConfiguration;
			buildSettings = {
				ALWAYS_EMBED_SWIFT_STANDARD_LIBRARIES = YES;
				CODE_SIGN_STYLE = Automatic;
				CURRENT_PROJECT_VERSION = 1;
				GENERATE_INFOPLIST_FILE = YES;
				MARKETING_VERSION = 1.0;
				PRODUCT_BUNDLE_IDENTIFIER = "marcioduarte-itsector.pokemonUITests";
				PRODUCT_NAME = "$(TARGET_NAME)";
				SWIFT_EMIT_LOC_STRINGS = NO;
				SWIFT_VERSION = 5.0;
				TARGETED_DEVICE_FAMILY = "1,2";
				TEST_TARGET_NAME = pokemon;
			};
			name = Release;
		};
/* End XCBuildConfiguration section */

/* Begin XCConfigurationList section */
		2D0A26292804A05F00F18C77 /* Build configuration list for PBXProject "pokemon" */ = {
			isa = XCConfigurationList;
			buildConfigurations = (
				2D0A26562804A06000F18C77 /* Debug */,
				2D0A26572804A06000F18C77 /* Release */,
			);
			defaultConfigurationIsVisible = 0;
			defaultConfigurationName = Release;
		};
		2D0A26582804A06000F18C77 /* Build configuration list for PBXNativeTarget "pokemon" */ = {
			isa = XCConfigurationList;
			buildConfigurations = (
				2D0A26592804A06000F18C77 /* Debug */,
				2D0A265A2804A06000F18C77 /* Release */,
			);
			defaultConfigurationIsVisible = 0;
			defaultConfigurationName = Release;
		};
		2D0A265B2804A06000F18C77 /* Build configuration list for PBXNativeTarget "pokemonTests" */ = {
			isa = XCConfigurationList;
			buildConfigurations = (
				2D0A265C2804A06000F18C77 /* Debug */,
				2D0A265D2804A06000F18C77 /* Release */,
			);
			defaultConfigurationIsVisible = 0;
			defaultConfigurationName = Release;
		};
		2D0A265E2804A06000F18C77 /* Build configuration list for PBXNativeTarget "pokemonUITests" */ = {
			isa = XCConfigurationList;
			buildConfigurations = (
				2D0A265F2804A06000F18C77 /* Debug */,
				2D0A26602804A06000F18C77 /* Release */,
			);
			defaultConfigurationIsVisible = 0;
			defaultConfigurationName = Release;
		};
/* End XCConfigurationList section */
	};
	rootObject = 2D0A26262804A05F00F18C77 /* Project object */;
}
